// !$*UTF8*$!
{
	archiveVersion = 1;
	classes = {
	};
	objectVersion = 54;
	objects = {

/* Begin PBXBuildFile section */
		3FF9C01A1A753F9681FC943B /* Pods_SewHappy_SewHappyUITests.framework in Frameworks */ = {isa = PBXBuildFile; fileRef = 763DB94A3D3C39656F17CF3C /* Pods_SewHappy_SewHappyUITests.framework */; };
		7C9BEA6639A151D960CE77F0 /* Pods_SewHappyTests.framework in Frameworks */ = {isa = PBXBuildFile; fileRef = F2307E6647B286E7F6ED7B0F /* Pods_SewHappyTests.framework */; };
		C9267A128BEE74CE6B4CB1A8 /* Pods_SewHappy.framework in Frameworks */ = {isa = PBXBuildFile; fileRef = F6904F168A50C2902DA6EE98 /* Pods_SewHappy.framework */; };
		E51415F025F1A8B300C030D0 /* MainViewController.swift in Sources */ = {isa = PBXBuildFile; fileRef = E51415EF25F1A8B300C030D0 /* MainViewController.swift */; };
		E514160525F1B1A800C030D0 /* ProjectsViewController.swift in Sources */ = {isa = PBXBuildFile; fileRef = E514160425F1B1A800C030D0 /* ProjectsViewController.swift */; };
		E514160A25F1C06100C030D0 /* SettingsViewController.swift in Sources */ = {isa = PBXBuildFile; fileRef = E514160925F1C06100C030D0 /* SettingsViewController.swift */; };
		E559DC9126056918007FD67D /* AddFabricViewController.swift in Sources */ = {isa = PBXBuildFile; fileRef = E559DC9026056918007FD67D /* AddFabricViewController.swift */; };
		E55DBA7725E575710003CD5A /* AppDelegate.swift in Sources */ = {isa = PBXBuildFile; fileRef = E55DBA7625E575710003CD5A /* AppDelegate.swift */; };
		E55DBA7925E575710003CD5A /* SceneDelegate.swift in Sources */ = {isa = PBXBuildFile; fileRef = E55DBA7825E575710003CD5A /* SceneDelegate.swift */; };
		E55DBA7B25E575710003CD5A /* FabricStashViewController.swift in Sources */ = {isa = PBXBuildFile; fileRef = E55DBA7A25E575710003CD5A /* FabricStashViewController.swift */; };
		E55DBA8125E575710003CD5A /* SewHappy.xcdatamodeld in Sources */ = {isa = PBXBuildFile; fileRef = E55DBA7F25E575710003CD5A /* SewHappy.xcdatamodeld */; };
		E55DBA8325E575730003CD5A /* Assets.xcassets in Resources */ = {isa = PBXBuildFile; fileRef = E55DBA8225E575730003CD5A /* Assets.xcassets */; };
		E55DBA8625E575730003CD5A /* LaunchScreen.storyboard in Resources */ = {isa = PBXBuildFile; fileRef = E55DBA8425E575730003CD5A /* LaunchScreen.storyboard */; };
		E55DBA9125E575730003CD5A /* SewHappyTests.swift in Sources */ = {isa = PBXBuildFile; fileRef = E55DBA9025E575730003CD5A /* SewHappyTests.swift */; };
		E55DBA9C25E575730003CD5A /* SewHappyUITests.swift in Sources */ = {isa = PBXBuildFile; fileRef = E55DBA9B25E575730003CD5A /* SewHappyUITests.swift */; };
		E5AA6D0525F2E3B90034E74C /* FabricCell.swift in Sources */ = {isa = PBXBuildFile; fileRef = E5AA6D0425F2E3B90034E74C /* FabricCell.swift */; };
		E5DA32AF25F42FE800296161 /* FabricView.swift in Sources */ = {isa = PBXBuildFile; fileRef = E5DA32AE25F42FE800296161 /* FabricView.swift */; };
		E5DA32B425F433A100296161 /* ObjectDataDelegateSource.swift in Sources */ = {isa = PBXBuildFile; fileRef = E5DA32B325F433A100296161 /* ObjectDataDelegateSource.swift */; };
		E5DA32B925F4399200296161 /* ProjectsLayout.swift in Sources */ = {isa = PBXBuildFile; fileRef = E5DA32B825F4399200296161 /* ProjectsLayout.swift */; };
/* End PBXBuildFile section */

/* Begin PBXContainerItemProxy section */
		E55DBA8D25E575730003CD5A /* PBXContainerItemProxy */ = {
			isa = PBXContainerItemProxy;
			containerPortal = E55DBA6B25E575710003CD5A /* Project object */;
			proxyType = 1;
			remoteGlobalIDString = E55DBA7225E575710003CD5A;
			remoteInfo = SewHappy;
		};
		E55DBA9825E575730003CD5A /* PBXContainerItemProxy */ = {
			isa = PBXContainerItemProxy;
			containerPortal = E55DBA6B25E575710003CD5A /* Project object */;
			proxyType = 1;
			remoteGlobalIDString = E55DBA7225E575710003CD5A;
			remoteInfo = SewHappy;
		};
/* End PBXContainerItemProxy section */

/* Begin PBXFileReference section */
		25D2A6ACF8BB4085C10ECEED /* Pods-SewHappyTests.release.xcconfig */ = {isa = PBXFileReference; includeInIndex = 1; lastKnownFileType = text.xcconfig; name = "Pods-SewHappyTests.release.xcconfig"; path = "Target Support Files/Pods-SewHappyTests/Pods-SewHappyTests.release.xcconfig"; sourceTree = "<group>"; };
		2776F960EFDD5AEA3135039E /* Pods-SewHappyTests.debug.xcconfig */ = {isa = PBXFileReference; includeInIndex = 1; lastKnownFileType = text.xcconfig; name = "Pods-SewHappyTests.debug.xcconfig"; path = "Target Support Files/Pods-SewHappyTests/Pods-SewHappyTests.debug.xcconfig"; sourceTree = "<group>"; };
		2BF8FFE7FCC32495340D8B7C /* Pods-SewHappy-SewHappyUITests.release.xcconfig */ = {isa = PBXFileReference; includeInIndex = 1; lastKnownFileType = text.xcconfig; name = "Pods-SewHappy-SewHappyUITests.release.xcconfig"; path = "Target Support Files/Pods-SewHappy-SewHappyUITests/Pods-SewHappy-SewHappyUITests.release.xcconfig"; sourceTree = "<group>"; };
		763DB94A3D3C39656F17CF3C /* Pods_SewHappy_SewHappyUITests.framework */ = {isa = PBXFileReference; explicitFileType = wrapper.framework; includeInIndex = 0; path = Pods_SewHappy_SewHappyUITests.framework; sourceTree = BUILT_PRODUCTS_DIR; };
		874F07ED3ADD4BE55E197B77 /* Pods-SewHappy.release.xcconfig */ = {isa = PBXFileReference; includeInIndex = 1; lastKnownFileType = text.xcconfig; name = "Pods-SewHappy.release.xcconfig"; path = "Target Support Files/Pods-SewHappy/Pods-SewHappy.release.xcconfig"; sourceTree = "<group>"; };
		B0E75278A0FAFFEB82BA3ECB /* Pods-SewHappy.debug.xcconfig */ = {isa = PBXFileReference; includeInIndex = 1; lastKnownFileType = text.xcconfig; name = "Pods-SewHappy.debug.xcconfig"; path = "Target Support Files/Pods-SewHappy/Pods-SewHappy.debug.xcconfig"; sourceTree = "<group>"; };
		C7D59B68A6D41EC913B0607C /* Pods-SewHappy-SewHappyUITests.debug.xcconfig */ = {isa = PBXFileReference; includeInIndex = 1; lastKnownFileType = text.xcconfig; name = "Pods-SewHappy-SewHappyUITests.debug.xcconfig"; path = "Target Support Files/Pods-SewHappy-SewHappyUITests/Pods-SewHappy-SewHappyUITests.debug.xcconfig"; sourceTree = "<group>"; };
		E51415EF25F1A8B300C030D0 /* MainViewController.swift */ = {isa = PBXFileReference; lastKnownFileType = sourcecode.swift; path = MainViewController.swift; sourceTree = "<group>"; };
		E514160425F1B1A800C030D0 /* ProjectsViewController.swift */ = {isa = PBXFileReference; lastKnownFileType = sourcecode.swift; path = ProjectsViewController.swift; sourceTree = "<group>"; };
		E514160925F1C06100C030D0 /* SettingsViewController.swift */ = {isa = PBXFileReference; lastKnownFileType = sourcecode.swift; path = SettingsViewController.swift; sourceTree = "<group>"; };
		E559DC9026056918007FD67D /* AddFabricViewController.swift */ = {isa = PBXFileReference; lastKnownFileType = sourcecode.swift; path = AddFabricViewController.swift; sourceTree = "<group>"; };
		E55DBA7325E575710003CD5A /* SewHappy.app */ = {isa = PBXFileReference; explicitFileType = wrapper.application; includeInIndex = 0; path = SewHappy.app; sourceTree = BUILT_PRODUCTS_DIR; };
		E55DBA7625E575710003CD5A /* AppDelegate.swift */ = {isa = PBXFileReference; lastKnownFileType = sourcecode.swift; path = AppDelegate.swift; sourceTree = "<group>"; };
		E55DBA7825E575710003CD5A /* SceneDelegate.swift */ = {isa = PBXFileReference; lastKnownFileType = sourcecode.swift; path = SceneDelegate.swift; sourceTree = "<group>"; };
		E55DBA7A25E575710003CD5A /* FabricStashViewController.swift */ = {isa = PBXFileReference; lastKnownFileType = sourcecode.swift; path = FabricStashViewController.swift; sourceTree = "<group>"; };
		E55DBA8025E575710003CD5A /* SewHappy.xcdatamodel */ = {isa = PBXFileReference; lastKnownFileType = wrapper.xcdatamodel; path = SewHappy.xcdatamodel; sourceTree = "<group>"; };
		E55DBA8225E575730003CD5A /* Assets.xcassets */ = {isa = PBXFileReference; lastKnownFileType = folder.assetcatalog; path = Assets.xcassets; sourceTree = "<group>"; };
		E55DBA8525E575730003CD5A /* Base */ = {isa = PBXFileReference; lastKnownFileType = file.storyboard; name = Base; path = Base.lproj/LaunchScreen.storyboard; sourceTree = "<group>"; };
		E55DBA8725E575730003CD5A /* Info.plist */ = {isa = PBXFileReference; lastKnownFileType = text.plist.xml; path = Info.plist; sourceTree = "<group>"; };
		E55DBA8C25E575730003CD5A /* SewHappyTests.xctest */ = {isa = PBXFileReference; explicitFileType = wrapper.cfbundle; includeInIndex = 0; path = SewHappyTests.xctest; sourceTree = BUILT_PRODUCTS_DIR; };
		E55DBA9025E575730003CD5A /* SewHappyTests.swift */ = {isa = PBXFileReference; lastKnownFileType = sourcecode.swift; path = SewHappyTests.swift; sourceTree = "<group>"; };
		E55DBA9225E575730003CD5A /* Info.plist */ = {isa = PBXFileReference; lastKnownFileType = text.plist.xml; path = Info.plist; sourceTree = "<group>"; };
		E55DBA9725E575730003CD5A /* SewHappyUITests.xctest */ = {isa = PBXFileReference; explicitFileType = wrapper.cfbundle; includeInIndex = 0; path = SewHappyUITests.xctest; sourceTree = BUILT_PRODUCTS_DIR; };
		E55DBA9B25E575730003CD5A /* SewHappyUITests.swift */ = {isa = PBXFileReference; lastKnownFileType = sourcecode.swift; path = SewHappyUITests.swift; sourceTree = "<group>"; };
		E55DBA9D25E575730003CD5A /* Info.plist */ = {isa = PBXFileReference; lastKnownFileType = text.plist.xml; path = Info.plist; sourceTree = "<group>"; };
		E5AA6D0425F2E3B90034E74C /* FabricCell.swift */ = {isa = PBXFileReference; lastKnownFileType = sourcecode.swift; path = FabricCell.swift; sourceTree = "<group>"; };
		E5DA32AE25F42FE800296161 /* FabricView.swift */ = {isa = PBXFileReference; lastKnownFileType = sourcecode.swift; path = FabricView.swift; sourceTree = "<group>"; };
		E5DA32B325F433A100296161 /* ObjectDataDelegateSource.swift */ = {isa = PBXFileReference; lastKnownFileType = sourcecode.swift; path = ObjectDataDelegateSource.swift; sourceTree = "<group>"; };
		E5DA32B825F4399200296161 /* ProjectsLayout.swift */ = {isa = PBXFileReference; lastKnownFileType = sourcecode.swift; path = ProjectsLayout.swift; sourceTree = "<group>"; };
		F2307E6647B286E7F6ED7B0F /* Pods_SewHappyTests.framework */ = {isa = PBXFileReference; explicitFileType = wrapper.framework; includeInIndex = 0; path = Pods_SewHappyTests.framework; sourceTree = BUILT_PRODUCTS_DIR; };
		F6904F168A50C2902DA6EE98 /* Pods_SewHappy.framework */ = {isa = PBXFileReference; explicitFileType = wrapper.framework; includeInIndex = 0; path = Pods_SewHappy.framework; sourceTree = BUILT_PRODUCTS_DIR; };
/* End PBXFileReference section */

/* Begin PBXFrameworksBuildPhase section */
		E55DBA7025E575710003CD5A /* Frameworks */ = {
			isa = PBXFrameworksBuildPhase;
			buildActionMask = 2147483647;
			files = (
				C9267A128BEE74CE6B4CB1A8 /* Pods_SewHappy.framework in Frameworks */,
			);
			runOnlyForDeploymentPostprocessing = 0;
		};
		E55DBA8925E575730003CD5A /* Frameworks */ = {
			isa = PBXFrameworksBuildPhase;
			buildActionMask = 2147483647;
			files = (
				7C9BEA6639A151D960CE77F0 /* Pods_SewHappyTests.framework in Frameworks */,
			);
			runOnlyForDeploymentPostprocessing = 0;
		};
		E55DBA9425E575730003CD5A /* Frameworks */ = {
			isa = PBXFrameworksBuildPhase;
			buildActionMask = 2147483647;
			files = (
				3FF9C01A1A753F9681FC943B /* Pods_SewHappy_SewHappyUITests.framework in Frameworks */,
			);
			runOnlyForDeploymentPostprocessing = 0;
		};
/* End PBXFrameworksBuildPhase section */

/* Begin PBXGroup section */
		051856EA76244BB5F14C13A4 /* Pods */ = {
			isa = PBXGroup;
			children = (
				B0E75278A0FAFFEB82BA3ECB /* Pods-SewHappy.debug.xcconfig */,
				874F07ED3ADD4BE55E197B77 /* Pods-SewHappy.release.xcconfig */,
				C7D59B68A6D41EC913B0607C /* Pods-SewHappy-SewHappyUITests.debug.xcconfig */,
				2BF8FFE7FCC32495340D8B7C /* Pods-SewHappy-SewHappyUITests.release.xcconfig */,
				2776F960EFDD5AEA3135039E /* Pods-SewHappyTests.debug.xcconfig */,
				25D2A6ACF8BB4085C10ECEED /* Pods-SewHappyTests.release.xcconfig */,
			);
			path = Pods;
			sourceTree = "<group>";
		};
		63E9D5C9CE510E83838C3858 /* Frameworks */ = {
			isa = PBXGroup;
			children = (
				F6904F168A50C2902DA6EE98 /* Pods_SewHappy.framework */,
				763DB94A3D3C39656F17CF3C /* Pods_SewHappy_SewHappyUITests.framework */,
				F2307E6647B286E7F6ED7B0F /* Pods_SewHappyTests.framework */,
			);
			name = Frameworks;
			sourceTree = "<group>";
		};
		E51415F425F1A94C00C030D0 /* Controller */ = {
			isa = PBXGroup;
			children = (
				E51415EF25F1A8B300C030D0 /* MainViewController.swift */,
				E55DBA7A25E575710003CD5A /* FabricStashViewController.swift */,
				E514160425F1B1A800C030D0 /* ProjectsViewController.swift */,
				E514160925F1C06100C030D0 /* SettingsViewController.swift */,
				E559DC9026056918007FD67D /* AddFabricViewController.swift */,
			);
			path = Controller;
			sourceTree = "<group>";
		};
		E51415F825F1A95F00C030D0 /* Model */ = {
			isa = PBXGroup;
			children = (
				E55DBA7F25E575710003CD5A /* SewHappy.xcdatamodeld */,
				E5DA32B325F433A100296161 /* ObjectDataDelegateSource.swift */,
			);
			path = Model;
			sourceTree = "<group>";
		};
		E55DBA6A25E575710003CD5A = {
			isa = PBXGroup;
			children = (
				E55DBA7525E575710003CD5A /* SewHappy */,
				E55DBA8F25E575730003CD5A /* SewHappyTests */,
				E55DBA9A25E575730003CD5A /* SewHappyUITests */,
				E55DBA7425E575710003CD5A /* Products */,
				051856EA76244BB5F14C13A4 /* Pods */,
				63E9D5C9CE510E83838C3858 /* Frameworks */,
			);
			sourceTree = "<group>";
			usesTabs = 0;
		};
		E55DBA7425E575710003CD5A /* Products */ = {
			isa = PBXGroup;
			children = (
				E55DBA7325E575710003CD5A /* SewHappy.app */,
				E55DBA8C25E575730003CD5A /* SewHappyTests.xctest */,
				E55DBA9725E575730003CD5A /* SewHappyUITests.xctest */,
			);
			name = Products;
			sourceTree = "<group>";
		};
		E55DBA7525E575710003CD5A /* SewHappy */ = {
			isa = PBXGroup;
			children = (
				E55DBA7625E575710003CD5A /* AppDelegate.swift */,
				E55DBA7825E575710003CD5A /* SceneDelegate.swift */,
				E51415F825F1A95F00C030D0 /* Model */,
				E5AA6D0925F2E3BF0034E74C /* View */,
				E51415F425F1A94C00C030D0 /* Controller */,
				E55DBA8225E575730003CD5A /* Assets.xcassets */,
				E55DBA8425E575730003CD5A /* LaunchScreen.storyboard */,
				E55DBA8725E575730003CD5A /* Info.plist */,
			);
			path = SewHappy;
			sourceTree = "<group>";
		};
		E55DBA8F25E575730003CD5A /* SewHappyTests */ = {
			isa = PBXGroup;
			children = (
				E55DBA9025E575730003CD5A /* SewHappyTests.swift */,
				E55DBA9225E575730003CD5A /* Info.plist */,
			);
			path = SewHappyTests;
			sourceTree = "<group>";
		};
		E55DBA9A25E575730003CD5A /* SewHappyUITests */ = {
			isa = PBXGroup;
			children = (
				E55DBA9B25E575730003CD5A /* SewHappyUITests.swift */,
				E55DBA9D25E575730003CD5A /* Info.plist */,
			);
			path = SewHappyUITests;
			sourceTree = "<group>";
		};
		E5AA6D0925F2E3BF0034E74C /* View */ = {
			isa = PBXGroup;
			children = (
				E5AA6D0425F2E3B90034E74C /* FabricCell.swift */,
				E5DA32AE25F42FE800296161 /* FabricView.swift */,
				E5DA32B825F4399200296161 /* ProjectsLayout.swift */,
			);
			path = View;
			sourceTree = "<group>";
		};
/* End PBXGroup section */

/* Begin PBXNativeTarget section */
		E55DBA7225E575710003CD5A /* SewHappy */ = {
			isa = PBXNativeTarget;
			buildConfigurationList = E55DBAA025E575730003CD5A /* Build configuration list for PBXNativeTarget "SewHappy" */;
			buildPhases = (
				F7C633ED4A623252785EC48A /* [CP] Check Pods Manifest.lock */,
				E55DBA6F25E575710003CD5A /* Sources */,
				E55DBA7025E575710003CD5A /* Frameworks */,
				E55DBA7125E575710003CD5A /* Resources */,
				67256C580912F2EF166A345B /* [CP] Embed Pods Frameworks */,
			);
			buildRules = (
			);
			dependencies = (
			);
			name = SewHappy;
			productName = SewHappy;
			productReference = E55DBA7325E575710003CD5A /* SewHappy.app */;
			productType = "com.apple.product-type.application";
		};
		E55DBA8B25E575730003CD5A /* SewHappyTests */ = {
			isa = PBXNativeTarget;
			buildConfigurationList = E55DBAA325E575730003CD5A /* Build configuration list for PBXNativeTarget "SewHappyTests" */;
			buildPhases = (
				BE364EF988CF69127042C443 /* [CP] Check Pods Manifest.lock */,
				E55DBA8825E575730003CD5A /* Sources */,
				E55DBA8925E575730003CD5A /* Frameworks */,
				E55DBA8A25E575730003CD5A /* Resources */,
			);
			buildRules = (
			);
			dependencies = (
				E55DBA8E25E575730003CD5A /* PBXTargetDependency */,
			);
			name = SewHappyTests;
			productName = SewHappyTests;
			productReference = E55DBA8C25E575730003CD5A /* SewHappyTests.xctest */;
			productType = "com.apple.product-type.bundle.unit-test";
		};
		E55DBA9625E575730003CD5A /* SewHappyUITests */ = {
			isa = PBXNativeTarget;
			buildConfigurationList = E55DBAA625E575730003CD5A /* Build configuration list for PBXNativeTarget "SewHappyUITests" */;
			buildPhases = (
				25512165F19DAB0104E033FA /* [CP] Check Pods Manifest.lock */,
				E55DBA9325E575730003CD5A /* Sources */,
				E55DBA9425E575730003CD5A /* Frameworks */,
				E55DBA9525E575730003CD5A /* Resources */,
				C1A1B557A8649787B77142FE /* [CP] Embed Pods Frameworks */,
			);
			buildRules = (
			);
			dependencies = (
				E55DBA9925E575730003CD5A /* PBXTargetDependency */,
			);
			name = SewHappyUITests;
			productName = SewHappyUITests;
			productReference = E55DBA9725E575730003CD5A /* SewHappyUITests.xctest */;
			productType = "com.apple.product-type.bundle.ui-testing";
		};
/* End PBXNativeTarget section */

/* Begin PBXProject section */
		E55DBA6B25E575710003CD5A /* Project object */ = {
			isa = PBXProject;
			attributes = {
				LastSwiftUpdateCheck = 1240;
				LastUpgradeCheck = 1240;
				TargetAttributes = {
					E55DBA7225E575710003CD5A = {
						CreatedOnToolsVersion = 12.4;
					};
					E55DBA8B25E575730003CD5A = {
						CreatedOnToolsVersion = 12.4;
						TestTargetID = E55DBA7225E575710003CD5A;
					};
					E55DBA9625E575730003CD5A = {
						CreatedOnToolsVersion = 12.4;
						TestTargetID = E55DBA7225E575710003CD5A;
					};
				};
			};
			buildConfigurationList = E55DBA6E25E575710003CD5A /* Build configuration list for PBXProject "SewHappy" */;
			compatibilityVersion = "Xcode 12.0";
			developmentRegion = en;
			hasScannedForEncodings = 0;
			knownRegions = (
				en,
				Base,
			);
			mainGroup = E55DBA6A25E575710003CD5A;
			productRefGroup = E55DBA7425E575710003CD5A /* Products */;
			projectDirPath = "";
			projectRoot = "";
			targets = (
				E55DBA7225E575710003CD5A /* SewHappy */,
				E55DBA8B25E575730003CD5A /* SewHappyTests */,
				E55DBA9625E575730003CD5A /* SewHappyUITests */,
			);
		};
/* End PBXProject section */

/* Begin PBXResourcesBuildPhase section */
		E55DBA7125E575710003CD5A /* Resources */ = {
			isa = PBXResourcesBuildPhase;
			buildActionMask = 2147483647;
			files = (
				E55DBA8625E575730003CD5A /* LaunchScreen.storyboard in Resources */,
				E55DBA8325E575730003CD5A /* Assets.xcassets in Resources */,
			);
			runOnlyForDeploymentPostprocessing = 0;
		};
		E55DBA8A25E575730003CD5A /* Resources */ = {
			isa = PBXResourcesBuildPhase;
			buildActionMask = 2147483647;
			files = (
			);
			runOnlyForDeploymentPostprocessing = 0;
		};
		E55DBA9525E575730003CD5A /* Resources */ = {
			isa = PBXResourcesBuildPhase;
			buildActionMask = 2147483647;
			files = (
			);
			runOnlyForDeploymentPostprocessing = 0;
		};
/* End PBXResourcesBuildPhase section */

/* Begin PBXShellScriptBuildPhase section */
		25512165F19DAB0104E033FA /* [CP] Check Pods Manifest.lock */ = {
			isa = PBXShellScriptBuildPhase;
			buildActionMask = 2147483647;
			files = (
			);
			inputFileListPaths = (
			);
			inputPaths = (
				"${PODS_PODFILE_DIR_PATH}/Podfile.lock",
				"${PODS_ROOT}/Manifest.lock",
			);
			name = "[CP] Check Pods Manifest.lock";
			outputFileListPaths = (
			);
			outputPaths = (
				"$(DERIVED_FILE_DIR)/Pods-SewHappy-SewHappyUITests-checkManifestLockResult.txt",
			);
			runOnlyForDeploymentPostprocessing = 0;
			shellPath = /bin/sh;
			shellScript = "diff \"${PODS_PODFILE_DIR_PATH}/Podfile.lock\" \"${PODS_ROOT}/Manifest.lock\" > /dev/null\nif [ $? != 0 ] ; then\n    # print error to STDERR\n    echo \"error: The sandbox is not in sync with the Podfile.lock. Run 'pod install' or update your CocoaPods installation.\" >&2\n    exit 1\nfi\n# This output is used by Xcode 'outputs' to avoid re-running this script phase.\necho \"SUCCESS\" > \"${SCRIPT_OUTPUT_FILE_0}\"\n";
			showEnvVarsInLog = 0;
		};
		67256C580912F2EF166A345B /* [CP] Embed Pods Frameworks */ = {
			isa = PBXShellScriptBuildPhase;
			buildActionMask = 2147483647;
			files = (
			);
			inputFileListPaths = (
				"${PODS_ROOT}/Target Support Files/Pods-SewHappy/Pods-SewHappy-frameworks-${CONFIGURATION}-input-files.xcfilelist",
			);
			name = "[CP] Embed Pods Frameworks";
			outputFileListPaths = (
				"${PODS_ROOT}/Target Support Files/Pods-SewHappy/Pods-SewHappy-frameworks-${CONFIGURATION}-output-files.xcfilelist",
			);
			runOnlyForDeploymentPostprocessing = 0;
			shellPath = /bin/sh;
			shellScript = "\"${PODS_ROOT}/Target Support Files/Pods-SewHappy/Pods-SewHappy-frameworks.sh\"\n";
			showEnvVarsInLog = 0;
		};
		BE364EF988CF69127042C443 /* [CP] Check Pods Manifest.lock */ = {
			isa = PBXShellScriptBuildPhase;
			buildActionMask = 2147483647;
			files = (
			);
			inputFileListPaths = (
			);
			inputPaths = (
				"${PODS_PODFILE_DIR_PATH}/Podfile.lock",
				"${PODS_ROOT}/Manifest.lock",
			);
			name = "[CP] Check Pods Manifest.lock";
			outputFileListPaths = (
			);
			outputPaths = (
				"$(DERIVED_FILE_DIR)/Pods-SewHappyTests-checkManifestLockResult.txt",
			);
			runOnlyForDeploymentPostprocessing = 0;
			shellPath = /bin/sh;
			shellScript = "diff \"${PODS_PODFILE_DIR_PATH}/Podfile.lock\" \"${PODS_ROOT}/Manifest.lock\" > /dev/null\nif [ $? != 0 ] ; then\n    # print error to STDERR\n    echo \"error: The sandbox is not in sync with the Podfile.lock. Run 'pod install' or update your CocoaPods installation.\" >&2\n    exit 1\nfi\n# This output is used by Xcode 'outputs' to avoid re-running this script phase.\necho \"SUCCESS\" > \"${SCRIPT_OUTPUT_FILE_0}\"\n";
			showEnvVarsInLog = 0;
		};
		C1A1B557A8649787B77142FE /* [CP] Embed Pods Frameworks */ = {
			isa = PBXShellScriptBuildPhase;
			buildActionMask = 2147483647;
			files = (
			);
			inputFileListPaths = (
				"${PODS_ROOT}/Target Support Files/Pods-SewHappy-SewHappyUITests/Pods-SewHappy-SewHappyUITests-frameworks-${CONFIGURATION}-input-files.xcfilelist",
			);
			name = "[CP] Embed Pods Frameworks";
			outputFileListPaths = (
				"${PODS_ROOT}/Target Support Files/Pods-SewHappy-SewHappyUITests/Pods-SewHappy-SewHappyUITests-frameworks-${CONFIGURATION}-output-files.xcfilelist",
			);
			runOnlyForDeploymentPostprocessing = 0;
			shellPath = /bin/sh;
			shellScript = "\"${PODS_ROOT}/Target Support Files/Pods-SewHappy-SewHappyUITests/Pods-SewHappy-SewHappyUITests-frameworks.sh\"\n";
			showEnvVarsInLog = 0;
		};
		F7C633ED4A623252785EC48A /* [CP] Check Pods Manifest.lock */ = {
			isa = PBXShellScriptBuildPhase;
			buildActionMask = 2147483647;
			files = (
			);
			inputFileListPaths = (
			);
			inputPaths = (
				"${PODS_PODFILE_DIR_PATH}/Podfile.lock",
				"${PODS_ROOT}/Manifest.lock",
			);
			name = "[CP] Check Pods Manifest.lock";
			outputFileListPaths = (
			);
			outputPaths = (
				"$(DERIVED_FILE_DIR)/Pods-SewHappy-checkManifestLockResult.txt",
			);
			runOnlyForDeploymentPostprocessing = 0;
			shellPath = /bin/sh;
			shellScript = "diff \"${PODS_PODFILE_DIR_PATH}/Podfile.lock\" \"${PODS_ROOT}/Manifest.lock\" > /dev/null\nif [ $? != 0 ] ; then\n    # print error to STDERR\n    echo \"error: The sandbox is not in sync with the Podfile.lock. Run 'pod install' or update your CocoaPods installation.\" >&2\n    exit 1\nfi\n# This output is used by Xcode 'outputs' to avoid re-running this script phase.\necho \"SUCCESS\" > \"${SCRIPT_OUTPUT_FILE_0}\"\n";
			showEnvVarsInLog = 0;
		};
/* End PBXShellScriptBuildPhase section */

/* Begin PBXSourcesBuildPhase section */
		E55DBA6F25E575710003CD5A /* Sources */ = {
			isa = PBXSourcesBuildPhase;
			buildActionMask = 2147483647;
			files = (
				E5DA32B425F433A100296161 /* ObjectDataDelegateSource.swift in Sources */,
				E514160525F1B1A800C030D0 /* ProjectsViewController.swift in Sources */,
				E55DBA7B25E575710003CD5A /* FabricStashViewController.swift in Sources */,
				E514160A25F1C06100C030D0 /* SettingsViewController.swift in Sources */,
				E55DBA7725E575710003CD5A /* AppDelegate.swift in Sources */,
				E5DA32AF25F42FE800296161 /* FabricView.swift in Sources */,
				E55DBA8125E575710003CD5A /* SewHappy.xcdatamodeld in Sources */,
				E55DBA7925E575710003CD5A /* SceneDelegate.swift in Sources */,
				E5DA32B925F4399200296161 /* ProjectsLayout.swift in Sources */,
				E51415F025F1A8B300C030D0 /* MainViewController.swift in Sources */,
				E5AA6D0525F2E3B90034E74C /* FabricCell.swift in Sources */,
				E559DC9126056918007FD67D /* AddFabricViewController.swift in Sources */,
			);
			runOnlyForDeploymentPostprocessing = 0;
		};
		E55DBA8825E575730003CD5A /* Sources */ = {
			isa = PBXSourcesBuildPhase;
			buildActionMask = 2147483647;
			files = (
				E55DBA9125E575730003CD5A /* SewHappyTests.swift in Sources */,
			);
			runOnlyForDeploymentPostprocessing = 0;
		};
		E55DBA9325E575730003CD5A /* Sources */ = {
			isa = PBXSourcesBuildPhase;
			buildActionMask = 2147483647;
			files = (
				E55DBA9C25E575730003CD5A /* SewHappyUITests.swift in Sources */,
			);
			runOnlyForDeploymentPostprocessing = 0;
		};
/* End PBXSourcesBuildPhase section */

/* Begin PBXTargetDependency section */
		E55DBA8E25E575730003CD5A /* PBXTargetDependency */ = {
			isa = PBXTargetDependency;
			target = E55DBA7225E575710003CD5A /* SewHappy */;
			targetProxy = E55DBA8D25E575730003CD5A /* PBXContainerItemProxy */;
		};
		E55DBA9925E575730003CD5A /* PBXTargetDependency */ = {
			isa = PBXTargetDependency;
			target = E55DBA7225E575710003CD5A /* SewHappy */;
			targetProxy = E55DBA9825E575730003CD5A /* PBXContainerItemProxy */;
		};
/* End PBXTargetDependency section */

/* Begin PBXVariantGroup section */
		E55DBA8425E575730003CD5A /* LaunchScreen.storyboard */ = {
			isa = PBXVariantGroup;
			children = (
				E55DBA8525E575730003CD5A /* Base */,
			);
			name = LaunchScreen.storyboard;
			sourceTree = "<group>";
		};
/* End PBXVariantGroup section */

/* Begin XCBuildConfiguration section */
		E55DBA9E25E575730003CD5A /* Debug */ = {
			isa = XCBuildConfiguration;
			buildSettings = {
				ALWAYS_SEARCH_USER_PATHS = NO;
				CLANG_ANALYZER_NONNULL = YES;
				CLANG_ANALYZER_NUMBER_OBJECT_CONVERSION = YES_AGGRESSIVE;
				CLANG_CXX_LANGUAGE_STANDARD = "gnu++14";
				CLANG_CXX_LIBRARY = "libc++";
				CLANG_ENABLE_MODULES = YES;
				CLANG_ENABLE_OBJC_ARC = YES;
				CLANG_ENABLE_OBJC_WEAK = YES;
				CLANG_WARN_BLOCK_CAPTURE_AUTORELEASING = YES;
				CLANG_WARN_BOOL_CONVERSION = YES;
				CLANG_WARN_COMMA = YES;
				CLANG_WARN_CONSTANT_CONVERSION = YES;
				CLANG_WARN_DEPRECATED_OBJC_IMPLEMENTATIONS = YES;
				CLANG_WARN_DIRECT_OBJC_ISA_USAGE = YES_ERROR;
				CLANG_WARN_DOCUMENTATION_COMMENTS = YES;
				CLANG_WARN_EMPTY_BODY = YES;
				CLANG_WARN_ENUM_CONVERSION = YES;
				CLANG_WARN_INFINITE_RECURSION = YES;
				CLANG_WARN_INT_CONVERSION = YES;
				CLANG_WARN_NON_LITERAL_NULL_CONVERSION = YES;
				CLANG_WARN_OBJC_IMPLICIT_RETAIN_SELF = YES;
				CLANG_WARN_OBJC_LITERAL_CONVERSION = YES;
				CLANG_WARN_OBJC_ROOT_CLASS = YES_ERROR;
				CLANG_WARN_QUOTED_INCLUDE_IN_FRAMEWORK_HEADER = YES;
				CLANG_WARN_RANGE_LOOP_ANALYSIS = YES;
				CLANG_WARN_STRICT_PROTOTYPES = YES;
				CLANG_WARN_SUSPICIOUS_MOVE = YES;
				CLANG_WARN_UNGUARDED_AVAILABILITY = YES_AGGRESSIVE;
				CLANG_WARN_UNREACHABLE_CODE = YES;
				CLANG_WARN__DUPLICATE_METHOD_MATCH = YES;
				COPY_PHASE_STRIP = NO;
				DEBUG_INFORMATION_FORMAT = dwarf;
				ENABLE_STRICT_OBJC_MSGSEND = YES;
				ENABLE_TESTABILITY = YES;
				GCC_C_LANGUAGE_STANDARD = gnu11;
				GCC_DYNAMIC_NO_PIC = NO;
				GCC_NO_COMMON_BLOCKS = YES;
				GCC_OPTIMIZATION_LEVEL = 0;
				GCC_PREPROCESSOR_DEFINITIONS = (
					"DEBUG=1",
					"$(inherited)",
				);
				GCC_WARN_64_TO_32_BIT_CONVERSION = YES;
				GCC_WARN_ABOUT_RETURN_TYPE = YES_ERROR;
				GCC_WARN_UNDECLARED_SELECTOR = YES;
				GCC_WARN_UNINITIALIZED_AUTOS = YES_AGGRESSIVE;
				GCC_WARN_UNUSED_FUNCTION = YES;
				GCC_WARN_UNUSED_VARIABLE = YES;
				IPHONEOS_DEPLOYMENT_TARGET = 14.4;
				MTL_ENABLE_DEBUG_INFO = INCLUDE_SOURCE;
				MTL_FAST_MATH = YES;
				ONLY_ACTIVE_ARCH = YES;
				SDKROOT = iphoneos;
				SWIFT_ACTIVE_COMPILATION_CONDITIONS = DEBUG;
				SWIFT_OPTIMIZATION_LEVEL = "-Onone";
			};
			name = Debug;
		};
		E55DBA9F25E575730003CD5A /* Release */ = {
			isa = XCBuildConfiguration;
			buildSettings = {
				ALWAYS_SEARCH_USER_PATHS = NO;
				CLANG_ANALYZER_NONNULL = YES;
				CLANG_ANALYZER_NUMBER_OBJECT_CONVERSION = YES_AGGRESSIVE;
				CLANG_CXX_LANGUAGE_STANDARD = "gnu++14";
				CLANG_CXX_LIBRARY = "libc++";
				CLANG_ENABLE_MODULES = YES;
				CLANG_ENABLE_OBJC_ARC = YES;
				CLANG_ENABLE_OBJC_WEAK = YES;
				CLANG_WARN_BLOCK_CAPTURE_AUTORELEASING = YES;
				CLANG_WARN_BOOL_CONVERSION = YES;
				CLANG_WARN_COMMA = YES;
				CLANG_WARN_CONSTANT_CONVERSION = YES;
				CLANG_WARN_DEPRECATED_OBJC_IMPLEMENTATIONS = YES;
				CLANG_WARN_DIRECT_OBJC_ISA_USAGE = YES_ERROR;
				CLANG_WARN_DOCUMENTATION_COMMENTS = YES;
				CLANG_WARN_EMPTY_BODY = YES;
				CLANG_WARN_ENUM_CONVERSION = YES;
				CLANG_WARN_INFINITE_RECURSION = YES;
				CLANG_WARN_INT_CONVERSION = YES;
				CLANG_WARN_NON_LITERAL_NULL_CONVERSION = YES;
				CLANG_WARN_OBJC_IMPLICIT_RETAIN_SELF = YES;
				CLANG_WARN_OBJC_LITERAL_CONVERSION = YES;
				CLANG_WARN_OBJC_ROOT_CLASS = YES_ERROR;
				CLANG_WARN_QUOTED_INCLUDE_IN_FRAMEWORK_HEADER = YES;
				CLANG_WARN_RANGE_LOOP_ANALYSIS = YES;
				CLANG_WARN_STRICT_PROTOTYPES = YES;
				CLANG_WARN_SUSPICIOUS_MOVE = YES;
				CLANG_WARN_UNGUARDED_AVAILABILITY = YES_AGGRESSIVE;
				CLANG_WARN_UNREACHABLE_CODE = YES;
				CLANG_WARN__DUPLICATE_METHOD_MATCH = YES;
				COPY_PHASE_STRIP = NO;
				DEBUG_INFORMATION_FORMAT = "dwarf-with-dsym";
				ENABLE_NS_ASSERTIONS = NO;
				ENABLE_STRICT_OBJC_MSGSEND = YES;
				GCC_C_LANGUAGE_STANDARD = gnu11;
				GCC_NO_COMMON_BLOCKS = YES;
				GCC_WARN_64_TO_32_BIT_CONVERSION = YES;
				GCC_WARN_ABOUT_RETURN_TYPE = YES_ERROR;
				GCC_WARN_UNDECLARED_SELECTOR = YES;
				GCC_WARN_UNINITIALIZED_AUTOS = YES_AGGRESSIVE;
				GCC_WARN_UNUSED_FUNCTION = YES;
				GCC_WARN_UNUSED_VARIABLE = YES;
				IPHONEOS_DEPLOYMENT_TARGET = 14.4;
				MTL_ENABLE_DEBUG_INFO = NO;
				MTL_FAST_MATH = YES;
				SDKROOT = iphoneos;
				SWIFT_COMPILATION_MODE = wholemodule;
				SWIFT_OPTIMIZATION_LEVEL = "-O";
				VALIDATE_PRODUCT = YES;
			};
			name = Release;
		};
		E55DBAA125E575730003CD5A /* Debug */ = {
			isa = XCBuildConfiguration;
			baseConfigurationReference = B0E75278A0FAFFEB82BA3ECB /* Pods-SewHappy.debug.xcconfig */;
			buildSettings = {
				ASSETCATALOG_COMPILER_APPICON_NAME = AppIcon;
				ASSETCATALOG_COMPILER_GLOBAL_ACCENT_COLOR_NAME = AccentColor;
				CODE_SIGN_STYLE = Automatic;
				DEVELOPMENT_TEAM = BCWSWZ6MT5;
				INFOPLIST_FILE = SewHappy/Info.plist;
				LD_RUNPATH_SEARCH_PATHS = (
					"$(inherited)",
					"@executable_path/Frameworks",
				);
				PRODUCT_BUNDLE_IDENTIFIER = com.cassandrabalbuena.SewHappy;
				PRODUCT_NAME = "$(TARGET_NAME)";
				SWIFT_VERSION = 5.0;
				TARGETED_DEVICE_FAMILY = "1,2";
			};
			name = Debug;
		};
		E55DBAA225E575730003CD5A /* Release */ = {
			isa = XCBuildConfiguration;
			baseConfigurationReference = 874F07ED3ADD4BE55E197B77 /* Pods-SewHappy.release.xcconfig */;
			buildSettings = {
				ASSETCATALOG_COMPILER_APPICON_NAME = AppIcon;
				ASSETCATALOG_COMPILER_GLOBAL_ACCENT_COLOR_NAME = AccentColor;
				CODE_SIGN_STYLE = Automatic;
				DEVELOPMENT_TEAM = BCWSWZ6MT5;
				INFOPLIST_FILE = SewHappy/Info.plist;
				LD_RUNPATH_SEARCH_PATHS = (
					"$(inherited)",
					"@executable_path/Frameworks",
				);
				PRODUCT_BUNDLE_IDENTIFIER = com.cassandrabalbuena.SewHappy;
				PRODUCT_NAME = "$(TARGET_NAME)";
				SWIFT_VERSION = 5.0;
				TARGETED_DEVICE_FAMILY = "1,2";
			};
			name = Release;
		};
		E55DBAA425E575730003CD5A /* Debug */ = {
			isa = XCBuildConfiguration;
			baseConfigurationReference = 2776F960EFDD5AEA3135039E /* Pods-SewHappyTests.debug.xcconfig */;
			buildSettings = {
				ALWAYS_EMBED_SWIFT_STANDARD_LIBRARIES = YES;
				BUNDLE_LOADER = "$(TEST_HOST)";
				CODE_SIGN_STYLE = Automatic;
				DEVELOPMENT_TEAM = BCWSWZ6MT5;
				INFOPLIST_FILE = SewHappyTests/Info.plist;
				IPHONEOS_DEPLOYMENT_TARGET = 14.4;
				LD_RUNPATH_SEARCH_PATHS = (
					"$(inherited)",
					"@executable_path/Frameworks",
					"@loader_path/Frameworks",
				);
				PRODUCT_BUNDLE_IDENTIFIER = com.cassandrabalbuena.SewHappyTests;
				PRODUCT_NAME = "$(TARGET_NAME)";
				SWIFT_VERSION = 5.0;
				TARGETED_DEVICE_FAMILY = "1,2";
				TEST_HOST = "$(BUILT_PRODUCTS_DIR)/SewHappy.app/SewHappy";
			};
			name = Debug;
		};
		E55DBAA525E575730003CD5A /* Release */ = {
			isa = XCBuildConfiguration;
			baseConfigurationReference = 25D2A6ACF8BB4085C10ECEED /* Pods-SewHappyTests.release.xcconfig */;
			buildSettings = {
				ALWAYS_EMBED_SWIFT_STANDARD_LIBRARIES = YES;
				BUNDLE_LOADER = "$(TEST_HOST)";
				CODE_SIGN_STYLE = Automatic;
				DEVELOPMENT_TEAM = BCWSWZ6MT5;
				INFOPLIST_FILE = SewHappyTests/Info.plist;
				IPHONEOS_DEPLOYMENT_TARGET = 14.4;
				LD_RUNPATH_SEARCH_PATHS = (
					"$(inherited)",
					"@executable_path/Frameworks",
					"@loader_path/Frameworks",
				);
				PRODUCT_BUNDLE_IDENTIFIER = com.cassandrabalbuena.SewHappyTests;
				PRODUCT_NAME = "$(TARGET_NAME)";
				SWIFT_VERSION = 5.0;
				TARGETED_DEVICE_FAMILY = "1,2";
				TEST_HOST = "$(BUILT_PRODUCTS_DIR)/SewHappy.app/SewHappy";
			};
			name = Release;
		};
		E55DBAA725E575730003CD5A /* Debug */ = {
			isa = XCBuildConfiguration;
			baseConfigurationReference = C7D59B68A6D41EC913B0607C /* Pods-SewHappy-SewHappyUITests.debug.xcconfig */;
			buildSettings = {
				ALWAYS_EMBED_SWIFT_STANDARD_LIBRARIES = YES;
				CODE_SIGN_STYLE = Automatic;
				DEVELOPMENT_TEAM = BCWSWZ6MT5;
				INFOPLIST_FILE = SewHappyUITests/Info.plist;
				LD_RUNPATH_SEARCH_PATHS = (
					"$(inherited)",
					"@executable_path/Frameworks",
					"@loader_path/Frameworks",
				);
				PRODUCT_BUNDLE_IDENTIFIER = com.cassandrabalbuena.SewHappyUITests;
				PRODUCT_NAME = "$(TARGET_NAME)";
				SWIFT_VERSION = 5.0;
				TARGETED_DEVICE_FAMILY = "1,2";
				TEST_TARGET_NAME = SewHappy;
			};
			name = Debug;
		};
		E55DBAA825E575730003CD5A /* Release */ = {
			isa = XCBuildConfiguration;
			baseConfigurationReference = 2BF8FFE7FCC32495340D8B7C /* Pods-SewHappy-SewHappyUITests.release.xcconfig */;
			buildSettings = {
				ALWAYS_EMBED_SWIFT_STANDARD_LIBRARIES = YES;
				CODE_SIGN_STYLE = Automatic;
				DEVELOPMENT_TEAM = BCWSWZ6MT5;
				INFOPLIST_FILE = SewHappyUITests/Info.plist;
				LD_RUNPATH_SEARCH_PATHS = (
					"$(inherited)",
					"@executable_path/Frameworks",
					"@loader_path/Frameworks",
				);
				PRODUCT_BUNDLE_IDENTIFIER = com.cassandrabalbuena.SewHappyUITests;
				PRODUCT_NAME = "$(TARGET_NAME)";
				SWIFT_VERSION = 5.0;
				TARGETED_DEVICE_FAMILY = "1,2";
				TEST_TARGET_NAME = SewHappy;
			};
			name = Release;
		};
/* End XCBuildConfiguration section */

/* Begin XCConfigurationList section */
		E55DBA6E25E575710003CD5A /* Build configuration list for PBXProject "SewHappy" */ = {
			isa = XCConfigurationList;
			buildConfigurations = (
				E55DBA9E25E575730003CD5A /* Debug */,
				E55DBA9F25E575730003CD5A /* Release */,
			);
			defaultConfigurationIsVisible = 0;
			defaultConfigurationName = Release;
		};
		E55DBAA025E575730003CD5A /* Build configuration list for PBXNativeTarget "SewHappy" */ = {
			isa = XCConfigurationList;
			buildConfigurations = (
				E55DBAA125E575730003CD5A /* Debug */,
				E55DBAA225E575730003CD5A /* Release */,
			);
			defaultConfigurationIsVisible = 0;
			defaultConfigurationName = Release;
		};
		E55DBAA325E575730003CD5A /* Build configuration list for PBXNativeTarget "SewHappyTests" */ = {
			isa = XCConfigurationList;
			buildConfigurations = (
				E55DBAA425E575730003CD5A /* Debug */,
				E55DBAA525E575730003CD5A /* Release */,
			);
			defaultConfigurationIsVisible = 0;
			defaultConfigurationName = Release;
		};
		E55DBAA625E575730003CD5A /* Build configuration list for PBXNativeTarget "SewHappyUITests" */ = {
			isa = XCConfigurationList;
			buildConfigurations = (
				E55DBAA725E575730003CD5A /* Debug */,
				E55DBAA825E575730003CD5A /* Release */,
			);
			defaultConfigurationIsVisible = 0;
			defaultConfigurationName = Release;
		};
/* End XCConfigurationList section */

/* Begin XCVersionGroup section */
		E55DBA7F25E575710003CD5A /* SewHappy.xcdatamodeld */ = {
			isa = XCVersionGroup;
			children = (
				E55DBA8025E575710003CD5A /* SewHappy.xcdatamodel */,
			);
			currentVersion = E55DBA8025E575710003CD5A /* SewHappy.xcdatamodel */;
			path = SewHappy.xcdatamodeld;
			sourceTree = "<group>";
			versionGroupType = wrapper.xcdatamodel;
		};
/* End XCVersionGroup section */
	};
	rootObject = E55DBA6B25E575710003CD5A /* Project object */;
}
